# This file is automatically @generated by Poetry 1.8.3 and should not be changed by hand.

[[package]]
name = "bpython"
version = "0.24"
description = ""
optional = false
python-versions = "*"
files = []

[[package]]
name = "clifford"
version = "1.4.0"
description = "Numerical Geometric Algebra Module"
optional = false
python-versions = "*"
files = []

[[package]]
name = "coverage"
version = "7.6.1"
description = "Code coverage measurement for Python"
optional = false
python-versions = "*"
files = []

[[package]]
name = "einops"
version = "0.8.0"
description = "A new flavour of deep learning operations"
optional = false
python-versions = "*"
files = []

[[package]]
name = "hypothesis"
version = "6.112.4"
description = "A library for property-based testing"
optional = false
python-versions = "*"
files = []

[[package]]
name = "ipykernel"
version = "6.29.5"
description = "IPython Kernel for Jupyter"
optional = false
python-versions = "*"
files = []

[[package]]
name = "ipywidgets"
version = "8.1.5"
description = "Jupyter interactive widgets"
optional = false
python-versions = "*"
files = []

[[package]]
name = "mypy"
version = "1.11.2"
description = "Optional static typing for Python"
optional = false
python-versions = "*"
files = []

[[package]]
name = "numba"
version = "0.58.1"
description = "compiling Python code using LLVM"
optional = false
python-versions = "*"
files = []

[[package]]
name = "numpy"
version = "1.26.4"
description = "Fundamental package for array computing in Python"
optional = false
python-versions = "*"
files = []

[[package]]
name = "pdoc"
version = "14.7.0"
description = "API Documentation for Python Projects"
optional = false
python-versions = "*"
files = []

[[package]]
name = "pre-commit"
version = "3.8.0"
description = "A framework for managing and maintaining multi-language pre-commit hooks."
optional = false
python-versions = "*"
files = []

[[package]]
name = "pytest"
version = "8.3.3"
description = "pytest: simple powerful testing with Python"
optional = false
python-versions = "*"
files = []

[[package]]
name = "pytest-cov"
version = "5.0.0"
description = "Pytest plugin for measuring coverage."
optional = false
python-versions = "*"
files = []

[[package]]
name = "ruff"
version = "0.6.9"
description = "An extremely fast Python linter and code formatter, written in Rust."
optional = false
python-versions = "*"
files = []

[[package]]
name = "torch"
version = "2.4.1"
description = "Tensors and Dynamic neural networks in Python with strong GPU acceleration"
optional = false
python-versions = "*"
files = []

[metadata]
lock-version = "2.0"
python-versions = "<3.12,^3.9"
content-hash = "e4fce11f3aa5e86805cdf4b861b71b39725312f6b8190fee98f381385588c287"
